
Microsoft Visual Studio Solution File, Format Version 11.00
# Visual Studio 2010
Project("{FAE04EC0-301F-11D3-BF4B-00C04F79EFBC}") = "GShine", "GShine\GShine.csproj", "{3510C3DA-68F2-405B-B5F0-8985DCCA1EFE}"
EndProject
Project("{FAE04EC0-301F-11D3-BF4B-00C04F79EFBC}") = "Data", "Data\Data.csproj", "{5119EB6F-3AEE-49A8-8FDC-B64F5A15E390}"
EndProject
Global
	GlobalSection(SolutionConfigurationPlatforms) = preSolution
		Debug|Any CPU = Debug|Any CPU
		Debug|Mixed Platforms = Debug|Mixed Platforms
		Debug|x86 = Debug|x86
		Release|Any CPU = Release|Any CPU
		Release|Mixed Platforms = Release|Mixed Platforms
		Release|x86 = Release|x86
	EndGlobalSection
	GlobalSection(ProjectConfigurationPlatforms) = postSolution
		{3510C3DA-68F2-405B-B5F0-8985DCCA1EFE}.Debug|Any CPU.ActiveCfg = Debug|x86
		{3510C3DA-68F2-405B-B5F0-8985DCCA1EFE}.Debug|Mixed Platforms.ActiveCfg = Debug|x86
		{3510C3DA-68F2-405B-B5F0-8985DCCA1EFE}.Debug|Mixed Platforms.Build.0 = Debug|x86
		{3510C3DA-68F2-405B-B5F0-8985DCCA1EFE}.Debug|x86.ActiveCfg = Debug|x86
		{3510C3DA-68F2-405B-B5F0-8985DCCA1EFE}.Debug|x86.Build.0 = Debug|x86
		{3510C3DA-68F2-405B-B5F0-8985DCCA1EFE}.Release|Any CPU.ActiveCfg = Release|x86
		{3510C3DA-68F2-405B-B5F0-8985DCCA1EFE}.Release|Mixed Platforms.ActiveCfg = Release|x86
		{3510C3DA-68F2-405B-B5F0-8985DCCA1EFE}.Release|Mixed Platforms.Build.0 = Release|x86
		{3510C3DA-68F2-405B-B5F0-8985DCCA1EFE}.Release|x86.ActiveCfg = Release|x86
		{3510C3DA-68F2-405B-B5F0-8985DCCA1EFE}.Release|x86.Build.0 = Release|x86
		{5119EB6F-3AEE-49A8-8FDC-B64F5A15E390}.Debug|Any CPU.ActiveCfg = Debug|Any CPU
		{5119EB6F-3AEE-49A8-8FDC-B64F5A15E390}.Debug|Any CPU.Build.0 = Debug|Any CPU
		{5119EB6F-3AEE-49A8-8FDC-B64F5A15E390}.Debug|Mixed Platforms.ActiveCfg = Debug|Any CPU
		{5119EB6F-3AEE-49A8-8FDC-B64F5A15E390}.Debug|Mixed Platforms.Build.0 = Debug|Any CPU
		{5119EB6F-3AEE-49A8-8FDC-B64F5A15E390}.Debug|x86.ActiveCfg = Debug|Any CPU
		{5119EB6F-3AEE-49A8-8FDC-B64F5A15E390}.Release|Any CPU.ActiveCfg = Release|Any CPU
		{5119EB6F-3AEE-49A8-8FDC-B64F5A15E390}.Release|Any CPU.Build.0 = Release|Any CPU
		{5119EB6F-3AEE-49A8-8FDC-B64F5A15E390}.Release|Mixed Platforms.ActiveCfg = Release|Any CPU
		{5119EB6F-3AEE-49A8-8FDC-B64F5A15E390}.Release|Mixed Platforms.Build.0 = Release|Any CPU
		{5119EB6F-3AEE-49A8-8FDC-B64F5A15E390}.Release|x86.ActiveCfg = Release|Any CPU
	EndGlobalSection
	GlobalSection(SolutionProperties) = preSolution
		HideSolutionNode = FALSE
	EndGlobalSection
EndGlobal
